
Microsoft Visual Studio Solution File, Format Version 12.00
# Visual Studio Version 16
VisualStudioVersion = 16.0.30907.101
MinimumVisualStudioVersion = 10.0.40219.1
Project("{9A19103F-16F7-4668-BE54-9A1E7A4F7556}") = "Cabeleleila_Leila", "Cabeleleila_Leila\Cabeleleila_Leila.csproj", "{5ED338CD-3AF6-439A-91AB-B75756653D4E}"
EndProject
Project("{FAE04EC0-301F-11D3-BF4B-00C04F79EFBC}") = "Cabeleleila_Leila.Dominio", "Cabeleleila_Leila.Dominio\Cabeleleila_Leila.Dominio.csproj", "{5FE1A3E5-B468-46AB-9F6A-DA38F8DBE0DF}"
EndProject
Global
	GlobalSection(SolutionConfigurationPlatforms) = preSolution
		Debug|Any CPU = Debug|Any CPU
		Release|Any CPU = Release|Any CPU
	EndGlobalSection
	GlobalSection(ProjectConfigurationPlatforms) = postSolution
		{5ED338CD-3AF6-439A-91AB-B75756653D4E}.Debug|Any CPU.ActiveCfg = Debug|Any CPU
		{5ED338CD-3AF6-439A-91AB-B75756653D4E}.Debug|Any CPU.Build.0 = Debug|Any CPU
		{5ED338CD-3AF6-439A-91AB-B75756653D4E}.Release|Any CPU.ActiveCfg = Release|Any CPU
		{5ED338CD-3AF6-439A-91AB-B75756653D4E}.Release|Any CPU.Build.0 = Release|Any CPU
		{5FE1A3E5-B468-46AB-9F6A-DA38F8DBE0DF}.Debug|Any CPU.ActiveCfg = Debug|Any CPU
		{5FE1A3E5-B468-46AB-9F6A-DA38F8DBE0DF}.Debug|Any CPU.Build.0 = Debug|Any CPU
		{5FE1A3E5-B468-46AB-9F6A-DA38F8DBE0DF}.Release|Any CPU.ActiveCfg = Release|Any CPU
		{5FE1A3E5-B468-46AB-9F6A-DA38F8DBE0DF}.Release|Any CPU.Build.0 = Release|Any CPU
	EndGlobalSection
	GlobalSection(SolutionProperties) = preSolution
		HideSolutionNode = FALSE
	EndGlobalSection
	GlobalSection(ExtensibilityGlobals) = postSolution
		SolutionGuid = {82733EFC-25D8-44DB-8ADB-BE85F1D9DF9E}
	EndGlobalSection
EndGlobal
